
Microsoft Visual Studio Solution File, Format Version 12.00
# Visual Studio 15
VisualStudioVersion = 15.0.27004.2006
MinimumVisualStudioVersion = 10.0.40219.1
Project("{FAE04EC0-301F-11D3-BF4B-00C04F79EFBC}") = "A_SingletonPattern", "A_SingletonPattern\A_SingletonPattern.csproj", "{B61D1399-5A75-4CE4-9061-12B5D75E168E}"
EndProject
Project("{FAE04EC0-301F-11D3-BF4B-00C04F79EFBC}") = "B_SimpleFactoryPattern", "B_SimpleFactoryPattern\B_SimpleFactoryPattern.csproj", "{6A56A912-E577-4478-B8B7-711133A4F5A5}"
EndProject
Project("{FAE04EC0-301F-11D3-BF4B-00C04F79EFBC}") = "C_FactoryMethodPattern", "C_FactoryMethodPattern\C_FactoryMethodPattern.csproj", "{5B959592-1FEC-4870-845D-F003230A87B8}"
EndProject
Project("{FAE04EC0-301F-11D3-BF4B-00C04F79EFBC}") = "D_AbstractFactoryPattern", "D_AbstractFactoryPattern\D_AbstractFactoryPattern.csproj", "{90867C6A-648F-47E6-ACA7-6227F91538C5}"
EndProject
Global
	GlobalSection(SolutionConfigurationPlatforms) = preSolution
		Debug|Any CPU = Debug|Any CPU
		Release|Any CPU = Release|Any CPU
	EndGlobalSection
	GlobalSection(ProjectConfigurationPlatforms) = postSolution
		{B61D1399-5A75-4CE4-9061-12B5D75E168E}.Debug|Any CPU.ActiveCfg = Debug|Any CPU
		{B61D1399-5A75-4CE4-9061-12B5D75E168E}.Debug|Any CPU.Build.0 = Debug|Any CPU
		{B61D1399-5A75-4CE4-9061-12B5D75E168E}.Release|Any CPU.ActiveCfg = Release|Any CPU
		{B61D1399-5A75-4CE4-9061-12B5D75E168E}.Release|Any CPU.Build.0 = Release|Any CPU
		{6A56A912-E577-4478-B8B7-711133A4F5A5}.Debug|Any CPU.ActiveCfg = Debug|Any CPU
		{6A56A912-E577-4478-B8B7-711133A4F5A5}.Debug|Any CPU.Build.0 = Debug|Any CPU
		{6A56A912-E577-4478-B8B7-711133A4F5A5}.Release|Any CPU.ActiveCfg = Release|Any CPU
		{6A56A912-E577-4478-B8B7-711133A4F5A5}.Release|Any CPU.Build.0 = Release|Any CPU
		{5B959592-1FEC-4870-845D-F003230A87B8}.Debug|Any CPU.ActiveCfg = Debug|Any CPU
		{5B959592-1FEC-4870-845D-F003230A87B8}.Debug|Any CPU.Build.0 = Debug|Any CPU
		{5B959592-1FEC-4870-845D-F003230A87B8}.Release|Any CPU.ActiveCfg = Release|Any CPU
		{5B959592-1FEC-4870-845D-F003230A87B8}.Release|Any CPU.Build.0 = Release|Any CPU
		{90867C6A-648F-47E6-ACA7-6227F91538C5}.Debug|Any CPU.ActiveCfg = Debug|Any CPU
		{90867C6A-648F-47E6-ACA7-6227F91538C5}.Debug|Any CPU.Build.0 = Debug|Any CPU
		{90867C6A-648F-47E6-ACA7-6227F91538C5}.Release|Any CPU.ActiveCfg = Release|Any CPU
		{90867C6A-648F-47E6-ACA7-6227F91538C5}.Release|Any CPU.Build.0 = Release|Any CPU
	EndGlobalSection
	GlobalSection(SolutionProperties) = preSolution
		HideSolutionNode = FALSE
	EndGlobalSection
	GlobalSection(ExtensibilityGlobals) = postSolution
		SolutionGuid = {2B996F6F-A92E-4613-870B-9D3315461189}
	EndGlobalSection
EndGlobal
